
Microsoft Visual Studio Solution File, Format Version 9.00
# Visual Studio 2005
Project("{8BC9CEB8-8B4A-11D0-8D11-00A0C91BC942}") = "treadmill", "Treadmill\Treadmill.vcproj", "{6CF2F3DD-FB32-472C-A6C1-2DBFF1023F55}"
EndProject
Project("{8BC9CEB8-8B4A-11D0-8D11-00A0C91BC942}") = "imaqadaptorkit", "..\..\..\..\..\Program Files\MATLAB\R2010a\toolbox\imaq\imaqadaptors\kit\imaqadaptorkit_vc8.vcproj", "{6F2A2B76-FB92-4738-9F6E-D34382BEE7D9}"
EndProject
Global
	GlobalSection(SolutionConfigurationPlatforms) = preSolution
		Debug|Win32 = Debug|Win32
		Release|Win32 = Release|Win32
	EndGlobalSection
	GlobalSection(ProjectConfigurationPlatforms) = postSolution
		{6CF2F3DD-FB32-472C-A6C1-2DBFF1023F55}.Debug|Win32.ActiveCfg = Debug|Win32
		{6CF2F3DD-FB32-472C-A6C1-2DBFF1023F55}.Debug|Win32.Build.0 = Debug|Win32
		{6CF2F3DD-FB32-472C-A6C1-2DBFF1023F55}.Release|Win32.ActiveCfg = Release|Win32
		{6CF2F3DD-FB32-472C-A6C1-2DBFF1023F55}.Release|Win32.Build.0 = Release|Win32
		{6F2A2B76-FB92-4738-9F6E-D34382BEE7D9}.Debug|Win32.ActiveCfg = Debug|Win32
		{6F2A2B76-FB92-4738-9F6E-D34382BEE7D9}.Debug|Win32.Build.0 = Debug|Win32
		{6F2A2B76-FB92-4738-9F6E-D34382BEE7D9}.Release|Win32.ActiveCfg = Debug|Win32
		{6F2A2B76-FB92-4738-9F6E-D34382BEE7D9}.Release|Win32.Build.0 = Debug|Win32
	EndGlobalSection
	GlobalSection(SolutionProperties) = preSolution
		HideSolutionNode = FALSE
	EndGlobalSection
EndGlobal
